
Microsoft Visual Studio Solution File, Format Version 12.00
# Visual Studio Version 17
VisualStudioVersion = 17.11.35219.272
MinimumVisualStudioVersion = 10.0.40219.1
Project("{8BC9CEB8-8B4A-11D0-8D11-00A0C91BC942}") = "DatosProyecto", "DatosProyecto\DatosProyecto.vcxproj", "{5EE010FD-C4E0-4703-8A3A-F6A3DC20769D}"
EndProject
Global
	GlobalSection(SolutionConfigurationPlatforms) = preSolution
		Debug|x64 = Debug|x64
		Debug|x86 = Debug|x86
		Release|x64 = Release|x64
		Release|x86 = Release|x86
	EndGlobalSection
	GlobalSection(ProjectConfigurationPlatforms) = postSolution
		{5EE010FD-C4E0-4703-8A3A-F6A3DC20769D}.Debug|x64.ActiveCfg = Debug|x64
		{5EE010FD-C4E0-4703-8A3A-F6A3DC20769D}.Debug|x64.Build.0 = Debug|x64
		{5EE010FD-C4E0-4703-8A3A-F6A3DC20769D}.Debug|x86.ActiveCfg = Debug|Win32
		{5EE010FD-C4E0-4703-8A3A-F6A3DC20769D}.Debug|x86.Build.0 = Debug|Win32
		{5EE010FD-C4E0-4703-8A3A-F6A3DC20769D}.Release|x64.ActiveCfg = Release|x64
		{5EE010FD-C4E0-4703-8A3A-F6A3DC20769D}.Release|x64.Build.0 = Release|x64
		{5EE010FD-C4E0-4703-8A3A-F6A3DC20769D}.Release|x86.ActiveCfg = Release|Win32
		{5EE010FD-C4E0-4703-8A3A-F6A3DC20769D}.Release|x86.Build.0 = Release|Win32
	EndGlobalSection
	GlobalSection(SolutionProperties) = preSolution
		HideSolutionNode = FALSE
	EndGlobalSection
	GlobalSection(ExtensibilityGlobals) = postSolution
		SolutionGuid = {6B1A64DF-79C8-46E1-8687-22941130F853}
	EndGlobalSection
EndGlobal
